# Generated by scripts/generate-linux-lock.sh; do not edit manually.
# Target: CPython 3.11, Linux x86_64, wheel-only; profile: dev.
# Source roots: backend/requirements-py311-linux-dev.in

annotated-types==0.8.0 \
    --hash=sha256:f072f4d804ea359e4eaf198b1af7a8b0943881a87f31bb764f8bf219bb9419e0
anyio==4.15.1 \
    --hash=sha256:6152fdbbf9a77fdec97731721bebf7c4c44f7c29b424b0065826173efc7ed101
certifi==2026.7.22 \
    --hash=sha256:62f22742b58a1a33014a2b6b706588a8d7e2a88ae7bd1a6ebe8c992928483775
click==8.5.0 \
    --hash=sha256:255bc9599cf7748b4b1a446ccc735421bd08a2ae529a8b88597d3de5664ee360
editables==0.5 \
    --hash=sha256:61e5ffa82629e0d8bfe09bc44a07db3c1ab8ed1ce78a6980732870f19b5e7d4c
fastapi==0.115.6 \
    --hash=sha256:e9240b29e36fa8f4bb7290316988e90c381e5092e0cbe84e7818cc3713bcf305
greenlet==3.5.6 \
    --hash=sha256:1c20ea32a73d17b9b60e3371240e17b0068120c98a5ec01a224a7dd8c89733ba
h11==0.16.0 \
    --hash=sha256:63cf8bbe7522de3bf65932fda1d9c2772064ffb3dae62d55932da54b31cb6c86
hatchling==1.26.3 \
    --hash=sha256:c407e1c6c17b574584a66ae60e8e9a01235ecb6dc61d01559bb936577aaf5846
httpcore==1.0.9 \
    --hash=sha256:2d400746a40668fc9dec9810239072b40b4484b640a8c38fd654a024c7a1bf55
httptools==0.8.0 \
    --hash=sha256:57278e6fa0424c42a8a3e454828ab4f0aff27b40cddf9679579b98c6dce6a376
httpx==0.28.1 \
    --hash=sha256:d909fcccc110f8c7faf814ca82a9a4d816bc5a6dbfea25d6591d6985b8ba59ad
idna==3.20 \
    --hash=sha256:ab7ae7122974553370f0bdb919e1a960b2cd1bc1ef0276416d896db81c14582c
iniconfig==2.3.1 \
    --hash=sha256:9121e2c1fdb355232495be3194c8dfe87ccc2d5dee45947b78e68f499790d7a7
joblib==1.5.2 \
    --hash=sha256:4e1f0bdbb987e6d843c70cf43714cb276623def372df3c22fe5266b2670bc241
mypy==1.13.0 \
    --hash=sha256:20c7ee0bc0d5a9595c46f38beb04201f2620065a93755704e141fcac9f59db2b
mypy-extensions==1.1.0 \
    --hash=sha256:1be4cccdb0f2482337c4743e60421de3a356cd97508abadd57d47403e94f5505
numpy==2.2.6 \
    --hash=sha256:ba10f8411898fc418a521833e014a77d3ca01c15b0c6cdcce6a0d2897e6dbbdf
packaging==26.3 \
    --hash=sha256:d7193f7c8e4e93f444fde0262bf90af30e16fa0ad0ad44cb553c87339b23cd1c
pathspec==1.1.1 \
    --hash=sha256:a00ce642f577bf7f473932318056212bc4f8bfdf53128c78bbd5af0b9b20b189
playwright==1.61.0 \
    --hash=sha256:54f3b39f6eab832e33458c1dd7da0b5682aedab3b09ae731b5c59fa12fd2024e
pluggy==1.6.0 \
    --hash=sha256:e920276dd6813095e9377c0bc5566d94c932c33b27a3e3945d8389c374dd4746
pydantic==2.13.5 \
    --hash=sha256:346a034f080da3755d8e9cb5e00e8b07de1d39e4f6e2c87d8ab7cafa0b269a73
pydantic-core==2.46.5 \
    --hash=sha256:49776eab08766a08dfff7012f8b422dcd7e25e43b316eedf0477c24fcfa84b7c
pydantic-settings==2.7.0 \
    --hash=sha256:e00c05d5fa6cbbb227c84bd7487c5c1065084119b750df7c8c1a554aed236eb5
pyee==13.0.1 \
    --hash=sha256:af2f8fede4171ef667dfded53f96e2ed0d6e6bd7ee3bb46437f77e3b57689228
pytest==8.3.4 \
    --hash=sha256:50e16d954148559c9a74109af1eaf0c945ba2d8f30f0a3d3335edde19788b6f6
python-dotenv==1.2.4 \
    --hash=sha256:42269a8a5b3fd54ffa6f3d84b18abed50064717576b4ecf03dc4a55d8aa04fdc
python-multipart==0.0.32 \
    --hash=sha256:ff6d3f776f16878c894e52e107296ffc890e913c611b1a4ec6c44e2821fe2e23
pyyaml==6.0.3 \
    --hash=sha256:b8bb0864c5a28024fac8a632c443c87c5aa6f215c0b126c449ae1a150412f31d
ruff==0.8.4 \
    --hash=sha256:e5fe710ab6061592521f902fca7ebcb9fabd27bc7c57c764298b1c1f15fff720
scikit-learn==1.7.2 \
    --hash=sha256:89877e19a80c7b11a2891a27c21c4894fb18e2c2e077815bcade10d34287b20d
scipy==1.15.3 \
    --hash=sha256:39cb9c62e471b1bb3750066ecc3a3f3052b37751c7c3dfd0fd7e48900ed52982
starlette==0.41.3 \
    --hash=sha256:44cedb2b7c77a9de33a8b74b2b90e9f50d11fcf25d8270ea525ad71a25374ff7
threadpoolctl==3.6.0 \
    --hash=sha256:43a0b8fd5a2928500110039e43a5eed8480b918967083ea48dc3ab9f13c4a7fb
trove-classifiers==2026.9.21.13 \
    --hash=sha256:8b1ff4f9c191b1040b71c37f1e445ab99732911e3cd91de52838453a854d7a17
typing-extensions==4.16.0 \
    --hash=sha256:481caa481374e813c1b176ada14e97f1f67a4539ce9cfeb3f350d78d6370c2e8
typing-inspection==0.4.4 \
    --hash=sha256:65b8397ba37ccbce054456aaccddfc91e6e3083c92824df348d96ca832f3f147
uvicorn==0.32.1 \
    --hash=sha256:82ad92fd58da0d12af7482ecdb5f2470a04c9c9a53ced65b9bbb4a205377602e
uvloop==0.23.0 \
    --hash=sha256:ab17b3a8aa754be0de0e397f7b95f13b14e56f077a4c6ae295e3d4afd199b325
watchfiles==1.3.0 \
    --hash=sha256:b5768b49e426fd5b550b012c866db347cdf15c398ef98dc557b6e6b72fa74cd1
websockets==17.2 \
    --hash=sha256:376a693697ddb695ea282ead76060f4847f90e564b12b4389f2c7589e6fadb9e
